# This file was autogenerated by Stack.
# You should not edit this file by hand.
# For more information, please see the documentation at:
#   https://docs.haskellstack.org/en/stable/lock_files

packages:
- completed:
    hackage: splitmix-0.1.1@sha256:8f92088f1c51c8d4569279a07565f8aa6b534a6735615b2295d2961dec8f1783,6225
    pantry-tree:
      sha256: d1a744a0f4d02051a0b77f3a137ebe6865e0174b807c99968f939fc91caa4045
      size: 1519
  original:
    hackage: splitmix-0.1.1@sha256:8f92088f1c51c8d4569279a07565f8aa6b534a6735615b2295d2961dec8f1783,6225
- completed:
    hackage: MonadRandom-0.6.1@sha256:17914ff7ca7bf9982ee65fe5a18780e9f54ce2d9ca4d3c3950cfc9284b8d72e3,1469
    pantry-tree:
      sha256: 4a7ff81ecba14f8d24114e52dfa9e794f74b0e51cb0abd00365339a90f601af5
      size: 709
  original:
    hackage: MonadRandom-0.6.1@sha256:17914ff7ca7bf9982ee65fe5a18780e9f54ce2d9ca4d3c3950cfc9284b8d72e3,1469
- completed:
    hackage: primitive-0.9.0.0@sha256:de20bf4eff1f972088854c8efda6eaca2d3147aff62232c3707f059152638759,3203
    pantry-tree:
      sha256: dfbbba14651e21a849a5a7f2fa91a7f8f62449da64b476e139c8da4b73aedd02
      size: 1793
  original:
    hackage: primitive-0.9.0.0@sha256:de20bf4eff1f972088854c8efda6eaca2d3147aff62232c3707f059152638759,3203
- completed:
    hackage: transformers-compat-0.7.2@sha256:044fb9955f63ee138fcebedfdcbe54afe741f2d5892a2d0bdf3a8052bd342643,5601
    pantry-tree:
      sha256: f49610c6a2faf82111e5d4222576f4afbcfa904bf56665232c5aa077dfc7578f
      size: 1724
  original:
    hackage: transformers-compat-0.7.2@sha256:044fb9955f63ee138fcebedfdcbe54afe741f2d5892a2d0bdf3a8052bd342643,5601
- completed:
    hackage: random-1.2.1.3@sha256:117541ba0a177397a3333f94870f789ef050dca31b0688a19824b2bc401b8823,6237
    pantry-tree:
      sha256: 79fdbb95ca2d108acb7b01903dbe288008cecbdc558105b7fdc095bfff7f3e09
      size: 1528
  original:
    hackage: random-1.2.1.3
- completed:
    hackage: random-shuffle-0.0.4@sha256:d0b9783c30208d1ce05caa05139fb00372802edb6c678b73d61b5eb4eebb3aba,818
    pantry-tree:
      sha256: e6e1c894e726443bc7165618de6745812610e70f0df22dbe5c130bafee2c507b
      size: 226
  original:
    hackage: random-shuffle-0.0.4
snapshots: []
